lockfileVersion: '9.0'

settings:
  autoInstallPeers: true
  excludeLinksFromLockfile: false

importers:

  .:
    dependencies:
      '@anthropic-ai/sdk':
        specifier: ^0.39.0
        version: 0.39.0
    devDependencies:
      '@rollup/plugin-alias':
        specifier: ^5.1.0
        version: 5.1.1(rollup@4.59.0)
      '@rollup/plugin-commonjs':
        specifier: ^25.0.7
        version: 25.0.8(rollup@4.59.0)
      '@rollup/plugin-node-resolve':
        specifier: ^15.2.3
        version: 15.3.1(rollup@4.59.0)
      '@rollup/plugin-terser':
        specifier: ^0.4.4
        version: 0.4.4(rollup@4.59.0)
      rollup:
        specifier: ^4.9.0
        version: 4.59.0
      rollup-plugin-esbuild:
        specifier: ^6.1.0
        version: 6.2.1(esbuild@0.27.4)(rollup@4.59.0)
      typescript:
        specifier: ^5.3.0
        version: 5.9.3

packages:

  '@anthropic-ai/sdk@0.39.0':
    resolution: {integrity: sha512-eMyDIPRZbt1CCLErRCi3exlAvNkBtRe+kW5vvJyef93PmNr/clstYgHhtvmkxN82nlKgzyGPCyGxrm0JQ1ZIdg==}

  '@esbuild/aix-ppc64@0.27.4':
    resolution: {integrity: sha512-cQPwL2mp2nSmHHJlCyoXgHGhbEPMrEEU5xhkcy3Hs/O7nGZqEpZ2sUtLaL9MORLtDfRvVl2/3PAuEkYZH0Ty8Q==}
    engines: {node: '>=18'}
    cpu: [ppc64]
    os: [aix]

  '@esbuild/android-arm64@0.27.4':
    resolution: {integrity: sha512-gdLscB7v75wRfu7QSm/zg6Rx29VLdy9eTr2t44sfTW7CxwAtQghZ4ZnqHk3/ogz7xao0QAgrkradbBzcqFPasw==}
    engines: {node: '>=18'}
    cpu: [arm64]
    os: [android]

  '@esbuild/android-arm@0.27.4':
    resolution: {integrity: sha512-X9bUgvxiC8CHAGKYufLIHGXPJWnr0OCdR0anD2e21vdvgCI8lIfqFbnoeOz7lBjdrAGUhqLZLcQo6MLhTO2DKQ==}
    engines: {node: '>=18'}
    cpu: [arm]
    os: [android]

  '@esbuild/android-x64@0.27.4':
    resolution: {integrity: sha512-PzPFnBNVF292sfpfhiyiXCGSn9HZg5BcAz+ivBuSsl6Rk4ga1oEXAamhOXRFyMcjwr2DVtm40G65N3GLeH1Lvw==}
    engines: {node: '>=18'}
    cpu: [x64]
    os: [android]

  '@esbuild/darwin-arm64@0.27.4':
    resolution: {integrity: sha512-b7xaGIwdJlht8ZFCvMkpDN6uiSmnxxK56N2GDTMYPr2/gzvfdQN8rTfBsvVKmIVY/X7EM+/hJKEIbbHs9oA4tQ==}
    engines: {node: '>=18'}
    cpu: [arm64]
    os: [darwin]

  '@esbuild/darwin-x64@0.27.4':
    resolution: {integrity: sha512-sR+OiKLwd15nmCdqpXMnuJ9W2kpy0KigzqScqHI3Hqwr7IXxBp3Yva+yJwoqh7rE8V77tdoheRYataNKL4QrPw==}
    engines: {node: '>=18'}
    cpu: [x64]
    os: [darwin]

  '@esbuild/freebsd-arm64@0.27.4':
    resolution: {integrity: sha512-jnfpKe+p79tCnm4GVav68A7tUFeKQwQyLgESwEAUzyxk/TJr4QdGog9sqWNcUbr/bZt/O/HXouspuQDd9JxFSw==}
    engines: {node: '>=18'}
    cpu: [arm64]
    os: [freebsd]

  '@esbuild/freebsd-x64@0.27.4':
    resolution: {integrity: sha512-2kb4ceA/CpfUrIcTUl1wrP/9ad9Atrp5J94Lq69w7UwOMolPIGrfLSvAKJp0RTvkPPyn6CIWrNy13kyLikZRZQ==}
    engines: {node: '>=18'}
    cpu: [x64]
    os: [freebsd]

  '@esbuild/linux-arm64@0.27.4':
    resolution: {integrity: sha512-7nQOttdzVGth1iz57kxg9uCz57dxQLHWxopL6mYuYthohPKEK0vU0C3O21CcBK6KDlkYVcnDXY099HcCDXd9dA==}
    engines: {node: '>=18'}
    cpu: [arm64]
    os: [linux]

  '@esbuild/linux-arm@0.27.4':
    resolution: {integrity: sha512-aBYgcIxX/wd5n2ys0yESGeYMGF+pv6g0DhZr3G1ZG4jMfruU9Tl1i2Z+Wnj9/KjGz1lTLCcorqE2viePZqj4Eg==}
    engines: {node: '>=18'}
    cpu: [arm]
    os: [linux]

  '@esbuild/linux-ia32@0.27.4':
    resolution: {integrity: sha512-oPtixtAIzgvzYcKBQM/qZ3R+9TEUd1aNJQu0HhGyqtx6oS7qTpvjheIWBbes4+qu1bNlo2V4cbkISr8q6gRBFA==}
    engines: {node: '>=18'}
    cpu: [ia32]
    os: [linux]

  '@esbuild/linux-loong64@0.27.4':
    resolution: {integrity: sha512-8mL/vh8qeCoRcFH2nM8wm5uJP+ZcVYGGayMavi8GmRJjuI3g1v6Z7Ni0JJKAJW+m0EtUuARb6Lmp4hMjzCBWzA==}
    engines: {node: '>=18'}
    cpu: [loong64]
    os: [linux]

  '@esbuild/linux-mips64el@0.27.4':
    resolution: {integrity: sha512-1RdrWFFiiLIW7LQq9Q2NES+HiD4NyT8Itj9AUeCl0IVCA459WnPhREKgwrpaIfTOe+/2rdntisegiPWn/r/aAw==}
    engines: {node: '>=18'}
    cpu: [mips64el]
    os: [linux]

  '@esbuild/linux-ppc64@0.27.4':
    resolution: {integrity: sha512-tLCwNG47l3sd9lpfyx9LAGEGItCUeRCWeAx6x2Jmbav65nAwoPXfewtAdtbtit/pJFLUWOhpv0FpS6GQAmPrHA==}
    engines: {node: '>=18'}
    cpu: [ppc64]
    os: [linux]

  '@esbuild/linux-riscv64@0.27.4':
    resolution: {integrity: sha512-BnASypppbUWyqjd1KIpU4AUBiIhVr6YlHx/cnPgqEkNoVOhHg+YiSVxM1RLfiy4t9cAulbRGTNCKOcqHrEQLIw==}
    engines: {node: '>=18'}
    cpu: [riscv64]
    os: [linux]

  '@esbuild/linux-s390x@0.27.4':
    resolution: {integrity: sha512-+eUqgb/Z7vxVLezG8bVB9SfBie89gMueS+I0xYh2tJdw3vqA/0ImZJ2ROeWwVJN59ihBeZ7Tu92dF/5dy5FttA==}
    engines: {node: '>=18'}
    cpu: [s390x]
    os: [linux]

  '@esbuild/linux-x64@0.27.4':
    resolution: {integrity: sha512-S5qOXrKV8BQEzJPVxAwnryi2+Iq5pB40gTEIT69BQONqR7JH1EPIcQ/Uiv9mCnn05jff9umq/5nqzxlqTOg9NA==}
    engines: {node: '>=18'}
    cpu: [x64]
    os: [linux]

  '@esbuild/netbsd-arm64@0.27.4':
    resolution: {integrity: sha512-xHT8X4sb0GS8qTqiwzHqpY00C95DPAq7nAwX35Ie/s+LO9830hrMd3oX0ZMKLvy7vsonee73x0lmcdOVXFzd6Q==}
    engines: {node: '>=18'}
    cpu: [arm64]
    os: [netbsd]

  '@esbuild/netbsd-x64@0.27.4':
    resolution: {integrity: sha512-RugOvOdXfdyi5Tyv40kgQnI0byv66BFgAqjdgtAKqHoZTbTF2QqfQrFwa7cHEORJf6X2ht+l9ABLMP0dnKYsgg==}
    engines: {node: '>=18'}
    cpu: [x64]
    os: [netbsd]

  '@esbuild/openbsd-arm64@0.27.4':
    resolution: {integrity: sha512-2MyL3IAaTX+1/qP0O1SwskwcwCoOI4kV2IBX1xYnDDqthmq5ArrW94qSIKCAuRraMgPOmG0RDTA74mzYNQA9ow==}
    engines: {node: '>=18'}
    cpu: [arm64]
    os: [openbsd]

  '@esbuild/openbsd-x64@0.27.4':
    resolution: {integrity: sha512-u8fg/jQ5aQDfsnIV6+KwLOf1CmJnfu1ShpwqdwC0uA7ZPwFws55Ngc12vBdeUdnuWoQYx/SOQLGDcdlfXhYmXQ==}
    engines: {node: '>=18'}
    cpu: [x64]
    os: [openbsd]

  '@esbuild/openharmony-arm64@0.27.4':
    resolution: {integrity: sha512-JkTZrl6VbyO8lDQO3yv26nNr2RM2yZzNrNHEsj9bm6dOwwu9OYN28CjzZkH57bh4w0I2F7IodpQvUAEd1mbWXg==}
    engines: {node: '>=18'}
    cpu: [arm64]
    os: [openharmony]

  '@esbuild/sunos-x64@0.27.4':
    resolution: {integrity: sha512-/gOzgaewZJfeJTlsWhvUEmUG4tWEY2Spp5M20INYRg2ZKl9QPO3QEEgPeRtLjEWSW8FilRNacPOg8R1uaYkA6g==}
    engines: {node: '>=18'}
    cpu: [x64]
    os: [sunos]

  '@esbuild/win32-arm64@0.27.4':
    resolution: {integrity: sha512-Z9SExBg2y32smoDQdf1HRwHRt6vAHLXcxD2uGgO/v2jK7Y718Ix4ndsbNMU/+1Qiem9OiOdaqitioZwxivhXYg==}
    engines: {node: '>=18'}
    cpu: [arm64]
    os: [win32]

  '@esbuild/win32-ia32@0.27.4':
    resolution: {integrity: sha512-DAyGLS0Jz5G5iixEbMHi5KdiApqHBWMGzTtMiJ72ZOLhbu/bzxgAe8Ue8CTS3n3HbIUHQz/L51yMdGMeoxXNJw==}
    engines: {node: '>=18'}
    cpu: [ia32]
    os: [win32]

  '@esbuild/win32-x64@0.27.4':
    resolution: {integrity: sha512-+knoa0BDoeXgkNvvV1vvbZX4+hizelrkwmGJBdT17t8FNPwG2lKemmuMZlmaNQ3ws3DKKCxpb4zRZEIp3UxFCg==}
    engines: {node: '>=18'}
    cpu: [x64]
    os: [win32]

  '@jridgewell/gen-mapping@0.3.13':
    resolution: {integrity: sha512-2kkt/7niJ6MgEPxF0bYdQ6etZaA+fQvDcLKckhy1yIQOzaoKjBBjSj63/aLVjYE3qhRt5dvM+uUyfCg6UKCBbA==}

  '@jridgewell/resolve-uri@3.1.2':
    resolution: {integrity: sha512-bRISgCIjP20/tbWSPWMEi54QVPRZExkuD9lJL+UIxUKtwVJA8wW1Trb1jMs1RFXo1CBTNZ/5hpC9QvmKWdopKw==}
    engines: {node: '>=6.0.0'}

  '@jridgewell/source-map@0.3.11':
    resolution: {integrity: sha512-ZMp1V8ZFcPG5dIWnQLr3NSI1MiCU7UETdS/A0G8V/XWHvJv3ZsFqutJn1Y5RPmAPX6F3BiE397OqveU/9NCuIA==}

  '@jridgewell/sourcemap-codec@1.5.5':
    resolution: {integrity: sha512-cYQ9310grqxueWbl+WuIUIaiUaDcj7WOq5fVhEljNVgRfOUhY9fy2zTvfoqWsnebh8Sl70VScFbICvJnLKB0Og==}

  '@jridgewell/trace-mapping@0.3.31':
    resolution: {integrity: sha512-zzNR+SdQSDJzc8joaeP8QQoCQr8NuYx2dIIytl1QeBEZHJ9uW6hebsrYgbz8hJwUQao3TWCMtmfV8Nu1twOLAw==}

  '@rollup/plugin-alias@5.1.1':
    resolution: {integrity: sha512-PR9zDb+rOzkRb2VD+EuKB7UC41vU5DIwZ5qqCpk0KJudcWAyi8rvYOhS7+L5aZCspw1stTViLgN5v6FF1p5cgQ==}
    engines: {node: '>=14.0.0'}
    peerDependencies:
      rollup: ^1.20.0||^2.0.0||^3.0.0||^4.0.0
    peerDependenciesMeta:
      rollup:
        optional: true

  '@rollup/plugin-commonjs@25.0.8':
    resolution: {integrity: sha512-ZEZWTK5n6Qde0to4vS9Mr5x/0UZoqCxPVR9KRUjU4kA2sO7GEUn1fop0DAwpO6z0Nw/kJON9bDmSxdWxO/TT1A==}
    engines: {node: '>=14.0.0'}
    peerDependencies:
      rollup: ^2.68.0||^3.0.0||^4.0.0
    peerDependenciesMeta:
      rollup:
        optional: true

  '@rollup/plugin-node-resolve@15.3.1':
    resolution: {integrity: sha512-tgg6b91pAybXHJQMAAwW9VuWBO6Thi+q7BCNARLwSqlmsHz0XYURtGvh/AuwSADXSI4h/2uHbs7s4FzlZDGSGA==}
    engines: {node: '>=14.0.0'}
    peerDependencies:
      rollup: ^2.78.0||^3.0.0||^4.0.0
    peerDependenciesMeta:
      rollup:
        optional: true

  '@rollup/plugin-terser@0.4.4':
    resolution: {integrity: sha512-XHeJC5Bgvs8LfukDwWZp7yeqin6ns8RTl2B9avbejt6tZqsqvVoWI7ZTQrcNsfKEDWBTnTxM8nMDkO2IFFbd0A==}
    engines: {node: '>=14.0.0'}
    peerDependencies:
      rollup: ^2.0.0||^3.0.0||^4.0.0
    peerDependenciesMeta:
      rollup:
        optional: true

  '@rollup/pluginutils@5.3.0':
    resolution: {integrity: sha512-5EdhGZtnu3V88ces7s53hhfK5KSASnJZv8Lulpc04cWO3REESroJXg73DFsOmgbU2BhwV0E20bu2IDZb3VKW4Q==}
    engines: {node: '>=14.0.0'}
    peerDependencies:
      rollup: ^1.20.0||^2.0.0||^3.0.0||^4.0.0
    peerDependenciesMeta:
      rollup:
        optional: true

  '@rollup/rollup-android-arm-eabi@4.59.0':
    resolution: {integrity: sha512-upnNBkA6ZH2VKGcBj9Fyl9IGNPULcjXRlg0LLeaioQWueH30p6IXtJEbKAgvyv+mJaMxSm1l6xwDXYjpEMiLMg==}
    cpu: [arm]
    os: [android]

  '@rollup/rollup-android-arm64@4.59.0':
    resolution: {integrity: sha512-hZ+Zxj3SySm4A/DylsDKZAeVg0mvi++0PYVceVyX7hemkw7OreKdCvW2oQ3T1FMZvCaQXqOTHb8qmBShoqk69Q==}
    cpu: [arm64]
    os: [android]

  '@rollup/rollup-darwin-arm64@4.59.0':
    resolution: {integrity: sha512-W2Psnbh1J8ZJw0xKAd8zdNgF9HRLkdWwwdWqubSVk0pUuQkoHnv7rx4GiF9rT4t5DIZGAsConRE3AxCdJ4m8rg==}
    cpu: [arm64]
    os: [darwin]

  '@rollup/rollup-darwin-x64@4.59.0':
    resolution: {integrity: sha512-ZW2KkwlS4lwTv7ZVsYDiARfFCnSGhzYPdiOU4IM2fDbL+QGlyAbjgSFuqNRbSthybLbIJ915UtZBtmuLrQAT/w==}
    cpu: [x64]
    os: [darwin]

  '@rollup/rollup-freebsd-arm64@4.59.0':
    resolution: {integrity: sha512-EsKaJ5ytAu9jI3lonzn3BgG8iRBjV4LxZexygcQbpiU0wU0ATxhNVEpXKfUa0pS05gTcSDMKpn3Sx+QB9RlTTA==}
    cpu: [arm64]
    os: [freebsd]

  '@rollup/rollup-freebsd-x64@4.59.0':
    resolution: {integrity: sha512-d3DuZi2KzTMjImrxoHIAODUZYoUUMsuUiY4SRRcJy6NJoZ6iIqWnJu9IScV9jXysyGMVuW+KNzZvBLOcpdl3Vg==}
    cpu: [x64]
    os: [freebsd]

  '@rollup/rollup-linux-arm-gnueabihf@4.59.0':
    resolution: {integrity: sha512-t4ONHboXi/3E0rT6OZl1pKbl2Vgxf9vJfWgmUoCEVQVxhW6Cw/c8I6hbbu7DAvgp82RKiH7TpLwxnJeKv2pbsw==}
    cpu: [arm]
    os: [linux]
    libc: [glibc]

  '@rollup/rollup-linux-arm-musleabihf@4.59.0':
    resolution: {integrity: sha512-CikFT7aYPA2ufMD086cVORBYGHffBo4K8MQ4uPS/ZnY54GKj36i196u8U+aDVT2LX4eSMbyHtyOh7D7Zvk2VvA==}
    cpu: [arm]
    os: [linux]
    libc: [musl]

  '@rollup/rollup-linux-arm64-gnu@4.59.0':
    resolution: {integrity: sha512-jYgUGk5aLd1nUb1CtQ8E+t5JhLc9x5WdBKew9ZgAXg7DBk0ZHErLHdXM24rfX+bKrFe+Xp5YuJo54I5HFjGDAA==}
    cpu: [arm64]
    os: [linux]
    libc: [glibc]

  '@rollup/rollup-linux-arm64-musl@4.59.0':
    resolution: {integrity: sha512-peZRVEdnFWZ5Bh2KeumKG9ty7aCXzzEsHShOZEFiCQlDEepP1dpUl/SrUNXNg13UmZl+gzVDPsiCwnV1uI0RUA==}
    cpu: [arm64]
    os: [linux]
    libc: [musl]

  '@rollup/rollup-linux-loong64-gnu@4.59.0':
    resolution: {integrity: sha512-gbUSW/97f7+r4gHy3Jlup8zDG190AuodsWnNiXErp9mT90iCy9NKKU0Xwx5k8VlRAIV2uU9CsMnEFg/xXaOfXg==}
    cpu: [loong64]
    os: [linux]
    libc: [glibc]

  '@rollup/rollup-linux-loong64-musl@4.59.0':
    resolution: {integrity: sha512-yTRONe79E+o0FWFijasoTjtzG9EBedFXJMl888NBEDCDV9I2wGbFFfJQQe63OijbFCUZqxpHz1GzpbtSFikJ4Q==}
    cpu: [loong64]
    os: [linux]
    libc: [musl]

  '@rollup/rollup-linux-ppc64-gnu@4.59.0':
    resolution: {integrity: sha512-sw1o3tfyk12k3OEpRddF68a1unZ5VCN7zoTNtSn2KndUE+ea3m3ROOKRCZxEpmT9nsGnogpFP9x6mnLTCaoLkA==}
    cpu: [ppc64]
    os: [linux]
    libc: [glibc]

  '@rollup/rollup-linux-ppc64-musl@4.59.0':
    resolution: {integrity: sha512-+2kLtQ4xT3AiIxkzFVFXfsmlZiG5FXYW7ZyIIvGA7Bdeuh9Z0aN4hVyXS/G1E9bTP/vqszNIN/pUKCk/BTHsKA==}
    cpu: [ppc64]
    os: [linux]
    libc: [musl]

  '@rollup/rollup-linux-riscv64-gnu@4.59.0':
    resolution: {integrity: sha512-NDYMpsXYJJaj+I7UdwIuHHNxXZ/b/N2hR15NyH3m2qAtb/hHPA4g4SuuvrdxetTdndfj9b1WOmy73kcPRoERUg==}
    cpu: [riscv64]
    os: [linux]
    libc: [glibc]

  '@rollup/rollup-linux-riscv64-musl@4.59.0':
    resolution: {integrity: sha512-nLckB8WOqHIf1bhymk+oHxvM9D3tyPndZH8i8+35p/1YiVoVswPid2yLzgX7ZJP0KQvnkhM4H6QZ5m0LzbyIAg==}
    cpu: [riscv64]
    os: [linux]
    libc: [musl]

  '@rollup/rollup-linux-s390x-gnu@4.59.0':
    resolution: {integrity: sha512-oF87Ie3uAIvORFBpwnCvUzdeYUqi2wY6jRFWJAy1qus/udHFYIkplYRW+wo+GRUP4sKzYdmE1Y3+rY5Gc4ZO+w==}
    cpu: [s390x]
    os: [linux]
    libc: [glibc]

  '@rollup/rollup-linux-x64-gnu@4.59.0':
    resolution: {integrity: sha512-3AHmtQq/ppNuUspKAlvA8HtLybkDflkMuLK4DPo77DfthRb71V84/c4MlWJXixZz4uruIH4uaa07IqoAkG64fg==}
    cpu: [x64]
    os: [linux]
    libc: [glibc]

  '@rollup/rollup-linux-x64-musl@4.59.0':
    resolution: {integrity: sha512-2UdiwS/9cTAx7qIUZB/fWtToJwvt0Vbo0zmnYt7ED35KPg13Q0ym1g442THLC7VyI6JfYTP4PiSOWyoMdV2/xg==}
    cpu: [x64]
    os: [linux]
    libc: [musl]

  '@rollup/rollup-openbsd-x64@4.59.0':
    resolution: {integrity: sha512-M3bLRAVk6GOwFlPTIxVBSYKUaqfLrn8l0psKinkCFxl4lQvOSz8ZrKDz2gxcBwHFpci0B6rttydI4IpS4IS/jQ==}
    cpu: [x64]
    os: [openbsd]

  '@rollup/rollup-openharmony-arm64@4.59.0':
    resolution: {integrity: sha512-tt9KBJqaqp5i5HUZzoafHZX8b5Q2Fe7UjYERADll83O4fGqJ49O1FsL6LpdzVFQcpwvnyd0i+K/VSwu/o/nWlA==}
    cpu: [arm64]
    os: [openharmony]

  '@rollup/rollup-win32-arm64-msvc@4.59.0':
    resolution: {integrity: sha512-V5B6mG7OrGTwnxaNUzZTDTjDS7F75PO1ae6MJYdiMu60sq0CqN5CVeVsbhPxalupvTX8gXVSU9gq+Rx1/hvu6A==}
    cpu: [arm64]
    os: [win32]

  '@rollup/rollup-win32-ia32-msvc@4.59.0':
    resolution: {integrity: sha512-UKFMHPuM9R0iBegwzKF4y0C4J9u8C6MEJgFuXTBerMk7EJ92GFVFYBfOZaSGLu6COf7FxpQNqhNS4c4icUPqxA==}
    cpu: [ia32]
    os: [win32]

  '@rollup/rollup-win32-x64-gnu@4.59.0':
    resolution: {integrity: sha512-laBkYlSS1n2L8fSo1thDNGrCTQMmxjYY5G0WFWjFFYZkKPjsMBsgJfGf4TLxXrF6RyhI60L8TMOjBMvXiTcxeA==}
    cpu: [x64]
    os: [win32]

  '@rollup/rollup-win32-x64-msvc@4.59.0':
    resolution: {integrity: sha512-2HRCml6OztYXyJXAvdDXPKcawukWY2GpR5/nxKp4iBgiO3wcoEGkAaqctIbZcNB6KlUQBIqt8VYkNSj2397EfA==}
    cpu: [x64]
    os: [win32]

  '@types/estree@1.0.8':
    resolution: {integrity: sha512-dWHzHa2WqEXI/O1E9OjrocMTKJl2mSrEolh1Iomrv6U+JuNwaHXsXx9bLu5gG7BUWFIN0skIQJQ/L1rIex4X6w==}

  '@types/node-fetch@2.6.13':
    resolution: {integrity: sha512-QGpRVpzSaUs30JBSGPjOg4Uveu384erbHBoT1zeONvyCfwQxIkUshLAOqN/k9EjGviPRmWTTe6aH2qySWKTVSw==}

  '@types/node@18.19.130':
    resolution: {integrity: sha512-GRaXQx6jGfL8sKfaIDD6OupbIHBr9jv7Jnaml9tB7l4v068PAOXqfcujMMo5PhbIs6ggR1XODELqahT2R8v0fg==}

  '@types/resolve@1.20.2':
    resolution: {integrity: sha512-60BCwRFOZCQhDncwQdxxeOEEkbc5dIMccYLwbxsS4TUNeVECQ/pBJ0j09mrHOl/JJvpRPGwO9SvE4nR2Nb/a4Q==}

  abort-controller@3.0.0:
    resolution: {integrity: sha512-h8lQ8tacZYnR3vNQTgibj+tODHI5/+l06Au2Pcriv/Gmet0eaj4TwWH41sO9wnHDiQsEj19q0drzdWdeAHtweg==}
    engines: {node: '>=6.5'}

  acorn@8.16.0:
    resolution: {integrity: sha512-UVJyE9MttOsBQIDKw1skb9nAwQuR5wuGD3+82K6JgJlm/Y+KI92oNsMNGZCYdDsVtRHSak0pcV5Dno5+4jh9sw==}
    engines: {node: '>=0.4.0'}
    hasBin: true

  agentkeepalive@4.6.0:
    resolution: {integrity: sha512-kja8j7PjmncONqaTsB8fQ+wE2mSU2DJ9D4XKoJ5PFWIdRMa6SLSN1ff4mOr4jCbfRSsxR4keIiySJU0N9T5hIQ==}
    engines: {node: '>= 8.0.0'}

  asynckit@0.4.0:
    resolution: {integrity: sha512-Oei9OH4tRh0YqU3GxhX79dM/mwVgvbZJaSNaRk+bshkj0S5cfHcgYakreBjrHwatXKbz+IoIdYLxrKim2MjW0Q==}

  balanced-match@1.0.2:
    resolution: {integrity: sha512-3oSeUO0TMV67hN1AmbXsK4yaqU7tjiHlbxRDZOpH0KW9+CeX4bRAaX0Anxt0tx2MrpRpWwQaPwIlISEJhYU5Pw==}

  brace-expansion@2.0.2:
    resolution: {integrity: sha512-Jt0vHyM+jmUBqojB7E1NIYadt0vI0Qxjxd2TErW94wDz+E2LAm5vKMXXwg6ZZBTHPuUlDgQHKXvjGBdfcF1ZDQ==}

  buffer-from@1.1.2:
    resolution: {integrity: sha512-E+XQCRwSbaaiChtv6k6Dwgc+bx+Bs6vuKJHHl5kox/BaKbhiXzqQOwK4cO22yElGp2OCmjwVhT3HmxgyPGnJfQ==}

  call-bind-apply-helpers@1.0.2:
    resolution: {integrity: sha512-Sp1ablJ0ivDkSzjcaJdxEunN5/XvksFJ2sMBFfq6x0ryhQV/2b/KwFe21cMpmHtPOSij8K99/wSfoEuTObmuMQ==}
    engines: {node: '>= 0.4'}

  combined-stream@1.0.8:
    resolution: {integrity: sha512-FQN4MRfuJeHf7cBbBMJFXhKSDq+2kAArBlmRBvcvFE5BB1HZKXtSFASDhdlz9zOYwxh8lDdnvmMOe/+5cdoEdg==}
    engines: {node: '>= 0.8'}

  commander@2.20.3:
    resolution: {integrity: sha512-GpVkmM8vF2vQUkj2LvZmD35JxeJOLCwJ9cUkugyk2nuhbv3+mJvpLYYt+0+USMxE+oj+ey/lJEnhZw75x/OMcQ==}

  commondir@1.0.1:
    resolution: {integrity: sha512-W9pAhw0ja1Edb5GVdIF1mjZw/ASI0AlShXM83UUGe2DVr5TdAPEA1OA8m/g8zWp9x6On7gqufY+FatDbC3MDQg==}

  debug@4.4.3:
    resolution: {integrity: sha512-RGwwWnwQvkVfavKVt22FGLw+xYSdzARwm0ru6DhTVA3umU5hZc28V3kO4stgYryrTlLpuvgI9GiijltAjNbcqA==}
    engines: {node: '>=6.0'}
    peerDependencies:
      supports-color: '*'
    peerDependenciesMeta:
      supports-color:
        optional: true

  deepmerge@4.3.1:
    resolution: {integrity: sha512-3sUqbMEc77XqpdNO7FRyRog+eW3ph+GYCbj+rK+uYyRMuwsVy0rMiVtPn+QJlKFvWP/1PYpapqYn0Me2knFn+A==}
    engines: {node: '>=0.10.0'}

  delayed-stream@1.0.0:
    resolution: {integrity: sha512-ZySD7Nf91aLB0RxL4KGrKHBXl7Eds1DAmEdcoVawXnLD7SDhpNgtuII2aAkg7a7QS41jxPSZ17p4VdGnMHk3MQ==}
    engines: {node: '>=0.4.0'}

  dunder-proto@1.0.1:
    resolution: {integrity: sha512-KIN/nDJBQRcXw0MLVhZE9iQHmG68qAVIBg9CqmUYjmQIhgij9U5MFvrqkUL5FbtyyzZuOeOt0zdeRe4UY7ct+A==}
    engines: {node: '>= 0.4'}

  es-define-property@1.0.1:
    resolution: {integrity: sha512-e3nRfgfUZ4rNGL232gUgX06QNyyez04KdjFrF+LTRoOXmrOgFKDg4BCdsjW8EnT69eqdYGmRpJwiPVYNrCaW3g==}
    engines: {node: '>= 0.4'}

  es-errors@1.3.0:
    resolution: {integrity: sha512-Zf5H2Kxt2xjTvbJvP2ZWLEICxA6j+hAmMzIlypy4xcBg1vKVnx89Wy0GbS+kf5cwCVFFzdCFh2XSCFNULS6csw==}
    engines: {node: '>= 0.4'}

  es-module-lexer@1.7.0:
    resolution: {integrity: sha512-jEQoCwk8hyb2AZziIOLhDqpm5+2ww5uIE6lkO/6jcOCusfk6LhMHpXXfBLXTZ7Ydyt0j4VoUQv6uGNYbdW+kBA==}

  es-object-atoms@1.1.1:
    resolution: {integrity: sha512-FGgH2h8zKNim9ljj7dankFPcICIK9Cp5bm+c2gQSYePhpaG5+esrLODihIorn+Pe6FGJzWhXQotPv73jTaldXA==}
    engines: {node: '>= 0.4'}

  es-set-tostringtag@2.1.0:
    resolution: {integrity: sha512-j6vWzfrGVfyXxge+O0x5sh6cvxAog0a/4Rdd2K36zCMV5eJ+/+tOAngRO8cODMNWbVRdVlmGZQL2YS3yR8bIUA==}
    engines: {node: '>= 0.4'}

  esbuild@0.27.4:
    resolution: {integrity: sha512-Rq4vbHnYkK5fws5NF7MYTU68FPRE1ajX7heQ/8QXXWqNgqqJ/GkmmyxIzUnf2Sr/bakf8l54716CcMGHYhMrrQ==}
    engines: {node: '>=18'}
    hasBin: true

  estree-walker@2.0.2:
    resolution: {integrity: sha512-Rfkk/Mp/DL7JVje3u18FxFujQlTNR2q6QfMSMB7AvCBx91NGj/ba3kCfza0f6dVDbw7YlRf/nDrn7pQrCCyQ/w==}

  event-target-shim@5.0.1:
    resolution: {integrity: sha512-i/2XbnSz/uxRCU6+NdVJgKWDTM427+MqYbkQzD321DuCQJUqOuJKIA0IM2+W2xtYHdKOmZ4dR6fExsd4SXL+WQ==}
    engines: {node: '>=6'}

  form-data-encoder@1.7.2:
    resolution: {integrity: sha512-qfqtYan3rxrnCk1VYaA4H+Ms9xdpPqvLZa6xmMgFvhO32x7/3J/ExcTd6qpxM0vH2GdMI+poehyBZvqfMTto8A==}

  form-data@4.0.5:
    resolution: {integrity: sha512-8RipRLol37bNs2bhoV67fiTEvdTrbMUYcFTiy3+wuuOnUog2QBHCZWXDRijWQfAkhBj2Uf5UnVaiWwA5vdd82w==}
    engines: {node: '>= 6'}

  formdata-node@4.4.1:
    resolution: {integrity: sha512-0iirZp3uVDjVGt9p49aTaqjk84TrglENEDuqfdlZQ1roC9CWlPk6Avf8EEnZNcAqPonwkG35x4n3ww/1THYAeQ==}
    engines: {node: '>= 12.20'}

  fs.realpath@1.0.0:
    resolution: {integrity: sha512-OO0pH2lK6a0hZnAdau5ItzHPI6pUlvI7jMVnxUQRtw4owF2wk8lOSabtGDCTP4Ggrg2MbGnWO9X8K1t4+fGMDw==}

  fsevents@2.3.3:
    resolution: {integrity: sha512-5xoDfX+fL7faATnagmWPpbFtwh/R77WmMMqqHGS65C3vvB0YHrgF+B1YmZ3441tMj5n63k0212XNoJwzlhffQw==}
    engines: {node: ^8.16.0 || ^10.6.0 || >=11.0.0}
    os: [darwin]

  function-bind@1.1.2:
    resolution: {integrity: sha512-7XHNxH7qX9xG5mIwxkhumTox/MIRNcOgDrxWsMt2pAr23WHp6MrRlN7FBSFpCpr+oVO0F744iUgR82nJMfG2SA==}

  get-intrinsic@1.3.0:
    resolution: {integrity: sha512-9fSjSaos/fRIVIp+xSJlE6lfwhES7LNtKaCBIamHsjr2na1BiABJPo0mOjjz8GJDURarmCPGqaiVg5mfjb98CQ==}
    engines: {node: '>= 0.4'}

  get-proto@1.0.1:
    resolution: {integrity: sha512-sTSfBjoXBp89JvIKIefqw7U2CCebsc74kiY6awiGogKtoSGbgjYE/G/+l9sF3MWFPNc9IcoOC4ODfKHfxFmp0g==}
    engines: {node: '>= 0.4'}

  get-tsconfig@4.13.6:
    resolution: {integrity: sha512-shZT/QMiSHc/YBLxxOkMtgSid5HFoauqCE3/exfsEcwg1WkeqjG+V40yBbBrsD+jW2HDXcs28xOfcbm2jI8Ddw==}

  glob@8.1.0:
    resolution: {integrity: sha512-r8hpEjiQEYlF2QU0df3dS+nxxSIreXQS1qRhMJM0Q5NDdR386C7jb7Hwwod8Fgiuex+k0GFjgft18yvxm5XoCQ==}
    engines: {node: '>=12'}
    deprecated: Glob versions prior to v9 are no longer supported

  gopd@1.2.0:
    resolution: {integrity: sha512-ZUKRh6/kUFoAiTAtTYPZJ3hw9wNxx+BIBOijnlG9PnrJsCcSjs1wyyD6vJpaYtgnzDrKYRSqf3OO6Rfa93xsRg==}
    engines: {node: '>= 0.4'}

  has-symbols@1.1.0:
    resolution: {integrity: sha512-1cDNdwJ2Jaohmb3sg4OmKaMBwuC48sYni5HUw2DvsC8LjGTLK9h+eb1X6RyuOHe4hT0ULCW68iomhjUoKUqlPQ==}
    engines: {node: '>= 0.4'}

  has-tostringtag@1.0.2:
    resolution: {integrity: sha512-NqADB8VjPFLM2V0VvHUewwwsw0ZWBaIdgo+ieHtK3hasLz4qeCRjYcqfB6AQrBggRKppKF8L52/VqdVsO47Dlw==}
    engines: {node: '>= 0.4'}

  hasown@2.0.2:
    resolution: {integrity: sha512-0hJU9SCPvmMzIBdZFqNPXWa6dqh7WdH0cII9y+CyS8rG3nL48Bclra9HmKhVVUHyPWNH5Y7xDwAB7bfgSjkUMQ==}
    engines: {node: '>= 0.4'}

  humanize-ms@1.2.1:
    resolution: {integrity: sha512-Fl70vYtsAFb/C06PTS9dZBo7ihau+Tu/DNCk/OyHhea07S+aeMWpFFkUaXRa8fI+ScZbEI8dfSxwY7gxZ9SAVQ==}

  inflight@1.0.6:
    resolution: {integrity: sha512-k92I/b08q4wvFscXCLvqfsHCrjrF7yiXsQuIVvVE7N82W3+aqpzuUdBbfhWcy/FZR3/4IgflMgKLOsvPDrGCJA==}
    deprecated: This module is not supported, and leaks memory. Do not use it. Check out lru-cache if you want a good and tested way to coalesce async requests by a key value, which is much more comprehensive and powerful.

  inherits@2.0.4:
    resolution: {integrity: sha512-k/vGaX4/Yla3WzyMCvTQOXYeIHvqOKtnqBduzTHpzpQZzAskKMhZ2K+EnBiSM9zGSoIFeMpXKxa4dYeZIQqewQ==}

  is-core-module@2.16.1:
    resolution: {integrity: sha512-UfoeMA6fIJ8wTYFEUjelnaGI67v6+N7qXJEvQuIGa99l4xsCruSYOVSQ0uPANn4dAzm8lkYPaKLrrijLq7x23w==}
    engines: {node: '>= 0.4'}

  is-module@1.0.0:
    resolution: {integrity: sha512-51ypPSPCoTEIN9dy5Oy+h4pShgJmPCygKfyRCISBI+JoWT/2oJvK8QPxmwv7b/p239jXrm9M1mlQbyKJ5A152g==}

  is-reference@1.2.1:
    resolution: {integrity: sha512-U82MsXXiFIrjCK4otLT+o2NA2Cd2g5MLoOVXUZjIOhLurrRxpEXzI8O0KZHr3IjLvlAH1kTPYSuqer5T9ZVBKQ==}

  magic-string@0.30.21:
    resolution: {integrity: sha512-vd2F4YUyEXKGcLHoq+TEyCjxueSeHnFxyyjNp80yg0XV4vUhnDer/lvvlqM/arB5bXQN5K2/3oinyCRyx8T2CQ==}

  math-intrinsics@1.1.0:
    resolution: {integrity: sha512-/IXtbwEk5HTPyEwyKX6hGkYXxM9nbj64B+ilVJnC/R6B0pH5G4V3b0pVbL7DBj4tkhBAppbQUlf6F6Xl9LHu1g==}
    engines: {node: '>= 0.4'}

  mime-db@1.52.0:
    resolution: {integrity: sha512-sPU4uV7dYlvtWJxwwxHD0PuihVNiE7TyAbQ5SWxDCB9mUYvOgroQOwYQQOKPJ8CIbE+1ETVlOoK1UC2nU3gYvg==}
    engines: {node: '>= 0.6'}

  mime-types@2.1.35:
    resolution: {integrity: sha512-ZDY+bPm5zTTF+YpCrAU9nK0UgICYPT0QtT1NZWFv4s++TNkcgVaT0g6+4R2uI4MjQjzysHB1zxuWL50hzaeXiw==}
    engines: {node: '>= 0.6'}

  minimatch@5.1.9:
    resolution: {integrity: sha512-7o1wEA2RyMP7Iu7GNba9vc0RWWGACJOCZBJX2GJWip0ikV+wcOsgVuY9uE8CPiyQhkGFSlhuSkZPavN7u1c2Fw==}
    engines: {node: '>=10'}

  ms@2.1.3:
    resolution: {integrity: sha512-6FlzubTLZG3J2a/NVCAleEhjzq5oxgHyaCU9yYXvcLsvoVaHJq/s5xXI6/XXP6tz7R9xAOtHnSO/tXtF3WRTlA==}

  node-domexception@1.0.0:
    resolution: {integrity: sha512-/jKZoMpw0F8GRwl4/eLROPA3cfcXtLApP0QzLmUT/HuPCZWyB7IY9ZrMeKw2O/nFIqPQB3PVM9aYm0F312AXDQ==}
    engines: {node: '>=10.5.0'}
    deprecated: Use your platform's native DOMException instead

  node-fetch@2.7.0:
    resolution: {integrity: sha512-c4FRfUm/dbcWZ7U+1Wq0AwCyFL+3nt2bEw05wfxSz+DWpWsitgmSgYmy2dQdWyKC1694ELPqMs/YzUSNozLt8A==}
    engines: {node: 4.x || >=6.0.0}
    peerDependencies:
      encoding: ^0.1.0
    peerDependenciesMeta:
      encoding:
        optional: true

  once@1.4.0:
    resolution: {integrity: sha512-lNaJgI+2Q5URQBkccEKHTQOPaXdUxnZZElQTZY0MFUAuaEqe1E+Nyvgdz/aIyNi6Z9MzO5dv1H8n58/GELp3+w==}

  path-parse@1.0.7:
    resolution: {integrity: sha512-LDJzPVEEEPR+y48z93A0Ed0yXb8pAByGWo/k5YYdYgpY2/2EsOsksJrq7lOHxryrVOn1ejG6oAp8ahvOIQD8sw==}

  pathe@2.0.3:
    resolution: {integrity: sha512-WUjGcAqP1gQacoQe+OBJsFA7Ld4DyXuUIjZ5cc75cLHvJ7dtNsTugphxIADwspS+AraAUePCKrSVtPLFj/F88w==}

  picomatch@4.0.3:
    resolution: {integrity: sha512-5gTmgEY/sqK6gFXLIsQNH19lWb4ebPDLA4SdLP7dsWkIXHWlG66oPuVvXSGFPppYZz8ZDZq0dYYrbHfBCVUb1Q==}
    engines: {node: '>=12'}

  randombytes@2.1.0:
    resolution: {integrity: sha512-vYl3iOX+4CKUWuxGi9Ukhie6fsqXqS9FE2Zaic4tNFD2N2QQaXOMFbuKK4QmDHC0JO6B1Zp41J0LpT0oR68amQ==}

  resolve-pkg-maps@1.0.0:
    resolution: {integrity: sha512-seS2Tj26TBVOC2NIc2rOe2y2ZO7efxITtLZcGSOnHHNOQ7CkiUBfw0Iw2ck6xkIhPwLhKNLS8BO+hEpngQlqzw==}

  resolve@1.22.11:
    resolution: {integrity: sha512-RfqAvLnMl313r7c9oclB1HhUEAezcpLjz95wFH4LVuhk9JF/r22qmVP9AMmOU4vMX7Q8pN8jwNg/CSpdFnMjTQ==}
    engines: {node: '>= 0.4'}
    hasBin: true

  rollup-plugin-esbuild@6.2.1:
    resolution: {integrity: sha512-jTNOMGoMRhs0JuueJrJqbW8tOwxumaWYq+V5i+PD+8ecSCVkuX27tGW7BXqDgoULQ55rO7IdNxPcnsWtshz3AA==}
    engines: {node: '>=14.18.0'}
    peerDependencies:
      esbuild: '>=0.18.0'
      rollup: ^1.20.0 || ^2.0.0 || ^3.0.0 || ^4.0.0

  rollup@4.59.0:
    resolution: {integrity: sha512-2oMpl67a3zCH9H79LeMcbDhXW/UmWG/y2zuqnF2jQq5uq9TbM9TVyXvA4+t+ne2IIkBdrLpAaRQAvo7YI/Yyeg==}
    engines: {node: '>=18.0.0', npm: '>=8.0.0'}
    hasBin: true

  safe-buffer@5.2.1:
    resolution: {integrity: sha512-rp3So07KcdmmKbGvgaNxQSJr7bGVSVk5S9Eq1F+ppbRo70+YeaDxkw5Dd8NPN+GD6bjnYm2VuPuCXmpuYvmCXQ==}

  serialize-javascript@6.0.2:
    resolution: {integrity: sha512-Saa1xPByTTq2gdeFZYLLo+RFE35NHZkAbqZeWNd3BpzppeVisAqpDjcp8dyf6uIvEqJRd46jemmyA4iFIeVk8g==}

  smob@1.6.1:
    resolution: {integrity: sha512-KAkBqZl3c2GvNgNhcoyJae1aKldDW0LO279wF9bk1PnluRTETKBq0WyzRXxEhoQLk56yHaOY4JCBEKDuJIET5g==}
    engines: {node: '>=20.0.0'}

  source-map-support@0.5.21:
    resolution: {integrity: sha512-uBHU3L3czsIyYXKX88fdrGovxdSCoTGDRZ6SYXtSRxLZUzHg5P/66Ht6uoUlHu9EZod+inXhKo3qQgwXUT/y1w==}

  source-map@0.6.1:
    resolution: {integrity: sha512-UjgapumWlbMhkBgzT7Ykc5YXUT46F0iKu8SGXq0bcwP5dz/h0Plj6enJqjz1Zbq2l5WaqYnrVbwWOWMyF3F47g==}
    engines: {node: '>=0.10.0'}

  supports-preserve-symlinks-flag@1.0.0:
    resolution: {integrity: sha512-ot0WnXS9fgdkgIcePe6RHNk1WA8+muPa6cSjeR3V8K27q9BB1rTE3R1p7Hv0z1ZyAc8s6Vvv8DIyWf681MAt0w==}
    engines: {node: '>= 0.4'}

  terser@5.46.0:
    resolution: {integrity: sha512-jTwoImyr/QbOWFFso3YoU3ik0jBBDJ6JTOQiy/J2YxVJdZCc+5u7skhNwiOR3FQIygFqVUPHl7qbbxtjW2K3Qg==}
    engines: {node: '>=10'}
    hasBin: true

  tr46@0.0.3:
    resolution: {integrity: sha512-N3WMsuqV66lT30CrXNbEjx4GEwlow3v6rr4mCcv6prnfwhS01rkgyFdjPNBYd9br7LpXV1+Emh01fHnq2Gdgrw==}

  typescript@5.9.3:
    resolution: {integrity: sha512-jl1vZzPDinLr9eUt3J/t7V6FgNEw9QjvBPdysz9KfQDD41fQrC2Y4vKQdiaUpFT4bXlb1RHhLpp8wtm6M5TgSw==}
    engines: {node: '>=14.17'}
    hasBin: true

  undici-types@5.26.5:
    resolution: {integrity: sha512-JlCMO+ehdEIKqlFxk6IfVoAUVmgz7cU7zD/h9XZ0qzeosSHmUJVOzSQvvYSYWXkFXC+IfLKSIffhv0sVZup6pA==}

  unplugin-utils@0.2.5:
    resolution: {integrity: sha512-gwXJnPRewT4rT7sBi/IvxKTjsms7jX7QIDLOClApuZwR49SXbrB1z2NLUZ+vDHyqCj/n58OzRRqaW+B8OZi8vg==}
    engines: {node: '>=18.12.0'}

  web-streams-polyfill@4.0.0-beta.3:
    resolution: {integrity: sha512-QW95TCTaHmsYfHDybGMwO5IJIM93I/6vTRk+daHTWFPhwh+C8Cg7j7XyKrwrj8Ib6vYXe0ocYNrmzY4xAAN6ug==}
    engines: {node: '>= 14'}

  webidl-conversions@3.0.1:
    resolution: {integrity: sha512-2JAn3z8AR6rjK8Sm8orRC0h/bcl/DqL7tRPdGZ4I1CjdF+EaMLmYxBHyXuKL849eucPFhvBoxMsflfOb8kxaeQ==}

  whatwg-url@5.0.0:
    resolution: {integrity: sha512-saE57nupxk6v3HY35+jzBwYa0rKSy0XR8JSxZPwgLr7ys0IBzhGviA1/TUGJLmSVqs8pb9AnvICXEuOHLprYTw==}

  wrappy@1.0.2:
    resolution: {integrity: sha512-l4Sp/DRseor9wL6EvV2+TuQn63dMkPjZ/sp9XkghTEbV9KlPS1xUsZ3u7/IQO4wxtcFB4bgpQPRcR3QCvezPcQ==}

snapshots:

  '@anthropic-ai/sdk@0.39.0':
    dependencies:
      '@types/node': 18.19.130
      '@types/node-fetch': 2.6.13
      abort-controller: 3.0.0
      agentkeepalive: 4.6.0
      form-data-encoder: 1.7.2
      formdata-node: 4.4.1
      node-fetch: 2.7.0
    transitivePeerDependencies:
      - encoding

  '@esbuild/aix-ppc64@0.27.4':
    optional: true

  '@esbuild/android-arm64@0.27.4':
    optional: true

  '@esbuild/android-arm@0.27.4':
    optional: true

  '@esbuild/android-x64@0.27.4':
    optional: true

  '@esbuild/darwin-arm64@0.27.4':
    optional: true

  '@esbuild/darwin-x64@0.27.4':
    optional: true

  '@esbuild/freebsd-arm64@0.27.4':
    optional: true

  '@esbuild/freebsd-x64@0.27.4':
    optional: true

  '@esbuild/linux-arm64@0.27.4':
    optional: true

  '@esbuild/linux-arm@0.27.4':
    optional: true

  '@esbuild/linux-ia32@0.27.4':
    optional: true

  '@esbuild/linux-loong64@0.27.4':
    optional: true

  '@esbuild/linux-mips64el@0.27.4':
    optional: true

  '@esbuild/linux-ppc64@0.27.4':
    optional: true

  '@esbuild/linux-riscv64@0.27.4':
    optional: true

  '@esbuild/linux-s390x@0.27.4':
    optional: true

  '@esbuild/linux-x64@0.27.4':
    optional: true

  '@esbuild/netbsd-arm64@0.27.4':
    optional: true

  '@esbuild/netbsd-x64@0.27.4':
    optional: true

  '@esbuild/openbsd-arm64@0.27.4':
    optional: true

  '@esbuild/openbsd-x64@0.27.4':
    optional: true

  '@esbuild/openharmony-arm64@0.27.4':
    optional: true

  '@esbuild/sunos-x64@0.27.4':
    optional: true

  '@esbuild/win32-arm64@0.27.4':
    optional: true

  '@esbuild/win32-ia32@0.27.4':
    optional: true

  '@esbuild/win32-x64@0.27.4':
    optional: true

  '@jridgewell/gen-mapping@0.3.13':
    dependencies:
      '@jridgewell/sourcemap-codec': 1.5.5
      '@jridgewell/trace-mapping': 0.3.31

  '@jridgewell/resolve-uri@3.1.2': {}

  '@jridgewell/source-map@0.3.11':
    dependencies:
      '@jridgewell/gen-mapping': 0.3.13
      '@jridgewell/trace-mapping': 0.3.31

  '@jridgewell/sourcemap-codec@1.5.5': {}

  '@jridgewell/trace-mapping@0.3.31':
    dependencies:
      '@jridgewell/resolve-uri': 3.1.2
      '@jridgewell/sourcemap-codec': 1.5.5

  '@rollup/plugin-alias@5.1.1(rollup@4.59.0)':
    optionalDependencies:
      rollup: 4.59.0

  '@rollup/plugin-commonjs@25.0.8(rollup@4.59.0)':
    dependencies:
      '@rollup/pluginutils': 5.3.0(rollup@4.59.0)
      commondir: 1.0.1
      estree-walker: 2.0.2
      glob: 8.1.0
      is-reference: 1.2.1
      magic-string: 0.30.21
    optionalDependencies:
      rollup: 4.59.0

  '@rollup/plugin-node-resolve@15.3.1(rollup@4.59.0)':
    dependencies:
      '@rollup/pluginutils': 5.3.0(rollup@4.59.0)
      '@types/resolve': 1.20.2
      deepmerge: 4.3.1
      is-module: 1.0.0
      resolve: 1.22.11
    optionalDependencies:
      rollup: 4.59.0

  '@rollup/plugin-terser@0.4.4(rollup@4.59.0)':
    dependencies:
      serialize-javascript: 6.0.2
      smob: 1.6.1
      terser: 5.46.0
    optionalDependencies:
      rollup: 4.59.0

  '@rollup/pluginutils@5.3.0(rollup@4.59.0)':
    dependencies:
      '@types/estree': 1.0.8
      estree-walker: 2.0.2
      picomatch: 4.0.3
    optionalDependencies:
      rollup: 4.59.0

  '@rollup/rollup-android-arm-eabi@4.59.0':
    optional: true

  '@rollup/rollup-android-arm64@4.59.0':
    optional: true

  '@rollup/rollup-darwin-arm64@4.59.0':
    optional: true

  '@rollup/rollup-darwin-x64@4.59.0':
    optional: true

  '@rollup/rollup-freebsd-arm64@4.59.0':
    optional: true

  '@rollup/rollup-freebsd-x64@4.59.0':
    optional: true

  '@rollup/rollup-linux-arm-gnueabihf@4.59.0':
    optional: true

  '@rollup/rollup-linux-arm-musleabihf@4.59.0':
    optional: true

  '@rollup/rollup-linux-arm64-gnu@4.59.0':
    optional: true

  '@rollup/rollup-linux-arm64-musl@4.59.0':
    optional: true

  '@rollup/rollup-linux-loong64-gnu@4.59.0':
    optional: true

  '@rollup/rollup-linux-loong64-musl@4.59.0':
    optional: true

  '@rollup/rollup-linux-ppc64-gnu@4.59.0':
    optional: true

  '@rollup/rollup-linux-ppc64-musl@4.59.0':
    optional: true

  '@rollup/rollup-linux-riscv64-gnu@4.59.0':
    optional: true

  '@rollup/rollup-linux-riscv64-musl@4.59.0':
    optional: true

  '@rollup/rollup-linux-s390x-gnu@4.59.0':
    optional: true

  '@rollup/rollup-linux-x64-gnu@4.59.0':
    optional: true

  '@rollup/rollup-linux-x64-musl@4.59.0':
    optional: true

  '@rollup/rollup-openbsd-x64@4.59.0':
    optional: true

  '@rollup/rollup-openharmony-arm64@4.59.0':
    optional: true

  '@rollup/rollup-win32-arm64-msvc@4.59.0':
    optional: true

  '@rollup/rollup-win32-ia32-msvc@4.59.0':
    optional: true

  '@rollup/rollup-win32-x64-gnu@4.59.0':
    optional: true

  '@rollup/rollup-win32-x64-msvc@4.59.0':
    optional: true

  '@types/estree@1.0.8': {}

  '@types/node-fetch@2.6.13':
    dependencies:
      '@types/node': 18.19.130
      form-data: 4.0.5

  '@types/node@18.19.130':
    dependencies:
      undici-types: 5.26.5

  '@types/resolve@1.20.2': {}

  abort-controller@3.0.0:
    dependencies:
      event-target-shim: 5.0.1

  acorn@8.16.0: {}

  agentkeepalive@4.6.0:
    dependencies:
      humanize-ms: 1.2.1

  asynckit@0.4.0: {}

  balanced-match@1.0.2: {}

  brace-expansion@2.0.2:
    dependencies:
      balanced-match: 1.0.2

  buffer-from@1.1.2: {}

  call-bind-apply-helpers@1.0.2:
    dependencies:
      es-errors: 1.3.0
      function-bind: 1.1.2

  combined-stream@1.0.8:
    dependencies:
      delayed-stream: 1.0.0

  commander@2.20.3: {}

  commondir@1.0.1: {}

  debug@4.4.3:
    dependencies:
      ms: 2.1.3

  deepmerge@4.3.1: {}

  delayed-stream@1.0.0: {}

  dunder-proto@1.0.1:
    dependencies:
      call-bind-apply-helpers: 1.0.2
      es-errors: 1.3.0
      gopd: 1.2.0

  es-define-property@1.0.1: {}

  es-errors@1.3.0: {}

  es-module-lexer@1.7.0: {}

  es-object-atoms@1.1.1:
    dependencies:
      es-errors: 1.3.0

  es-set-tostringtag@2.1.0:
    dependencies:
      es-errors: 1.3.0
      get-intrinsic: 1.3.0
      has-tostringtag: 1.0.2
      hasown: 2.0.2

  esbuild@0.27.4:
    optionalDependencies:
      '@esbuild/aix-ppc64': 0.27.4
      '@esbuild/android-arm': 0.27.4
      '@esbuild/android-arm64': 0.27.4
      '@esbuild/android-x64': 0.27.4
      '@esbuild/darwin-arm64': 0.27.4
      '@esbuild/darwin-x64': 0.27.4
      '@esbuild/freebsd-arm64': 0.27.4
      '@esbuild/freebsd-x64': 0.27.4
      '@esbuild/linux-arm': 0.27.4
      '@esbuild/linux-arm64': 0.27.4
      '@esbuild/linux-ia32': 0.27.4
      '@esbuild/linux-loong64': 0.27.4
      '@esbuild/linux-mips64el': 0.27.4
      '@esbuild/linux-ppc64': 0.27.4
      '@esbuild/linux-riscv64': 0.27.4
      '@esbuild/linux-s390x': 0.27.4
      '@esbuild/linux-x64': 0.27.4
      '@esbuild/netbsd-arm64': 0.27.4
      '@esbuild/netbsd-x64': 0.27.4
      '@esbuild/openbsd-arm64': 0.27.4
      '@esbuild/openbsd-x64': 0.27.4
      '@esbuild/openharmony-arm64': 0.27.4
      '@esbuild/sunos-x64': 0.27.4
      '@esbuild/win32-arm64': 0.27.4
      '@esbuild/win32-ia32': 0.27.4
      '@esbuild/win32-x64': 0.27.4

  estree-walker@2.0.2: {}

  event-target-shim@5.0.1: {}

  form-data-encoder@1.7.2: {}

  form-data@4.0.5:
    dependencies:
      asynckit: 0.4.0
      combined-stream: 1.0.8
      es-set-tostringtag: 2.1.0
      hasown: 2.0.2
      mime-types: 2.1.35

  formdata-node@4.4.1:
    dependencies:
      node-domexception: 1.0.0
      web-streams-polyfill: 4.0.0-beta.3

  fs.realpath@1.0.0: {}

  fsevents@2.3.3:
    optional: true

  function-bind@1.1.2: {}

  get-intrinsic@1.3.0:
    dependencies:
      call-bind-apply-helpers: 1.0.2
      es-define-property: 1.0.1
      es-errors: 1.3.0
      es-object-atoms: 1.1.1
      function-bind: 1.1.2
      get-proto: 1.0.1
      gopd: 1.2.0
      has-symbols: 1.1.0
      hasown: 2.0.2
      math-intrinsics: 1.1.0

  get-proto@1.0.1:
    dependencies:
      dunder-proto: 1.0.1
      es-object-atoms: 1.1.1

  get-tsconfig@4.13.6:
    dependencies:
      resolve-pkg-maps: 1.0.0

  glob@8.1.0:
    dependencies:
      fs.realpath: 1.0.0
      inflight: 1.0.6
      inherits: 2.0.4
      minimatch: 5.1.9
      once: 1.4.0

  gopd@1.2.0: {}

  has-symbols@1.1.0: {}

  has-tostringtag@1.0.2:
    dependencies:
      has-symbols: 1.1.0

  hasown@2.0.2:
    dependencies:
      function-bind: 1.1.2

  humanize-ms@1.2.1:
    dependencies:
      ms: 2.1.3

  inflight@1.0.6:
    dependencies:
      once: 1.4.0
      wrappy: 1.0.2

  inherits@2.0.4: {}

  is-core-module@2.16.1:
    dependencies:
      hasown: 2.0.2

  is-module@1.0.0: {}

  is-reference@1.2.1:
    dependencies:
      '@types/estree': 1.0.8

  magic-string@0.30.21:
    dependencies:
      '@jridgewell/sourcemap-codec': 1.5.5

  math-intrinsics@1.1.0: {}

  mime-db@1.52.0: {}

  mime-types@2.1.35:
    dependencies:
      mime-db: 1.52.0

  minimatch@5.1.9:
    dependencies:
      brace-expansion: 2.0.2

  ms@2.1.3: {}

  node-domexception@1.0.0: {}

  node-fetch@2.7.0:
    dependencies:
      whatwg-url: 5.0.0

  once@1.4.0:
    dependencies:
      wrappy: 1.0.2

  path-parse@1.0.7: {}

  pathe@2.0.3: {}

  picomatch@4.0.3: {}

  randombytes@2.1.0:
    dependencies:
      safe-buffer: 5.2.1

  resolve-pkg-maps@1.0.0: {}

  resolve@1.22.11:
    dependencies:
      is-core-module: 2.16.1
      path-parse: 1.0.7
      supports-preserve-symlinks-flag: 1.0.0

  rollup-plugin-esbuild@6.2.1(esbuild@0.27.4)(rollup@4.59.0):
    dependencies:
      debug: 4.4.3
      es-module-lexer: 1.7.0
      esbuild: 0.27.4
      get-tsconfig: 4.13.6
      rollup: 4.59.0
      unplugin-utils: 0.2.5
    transitivePeerDependencies:
      - supports-color

  rollup@4.59.0:
    dependencies:
      '@types/estree': 1.0.8
    optionalDependencies:
      '@rollup/rollup-android-arm-eabi': 4.59.0
      '@rollup/rollup-android-arm64': 4.59.0
      '@rollup/rollup-darwin-arm64': 4.59.0
      '@rollup/rollup-darwin-x64': 4.59.0
      '@rollup/rollup-freebsd-arm64': 4.59.0
      '@rollup/rollup-freebsd-x64': 4.59.0
      '@rollup/rollup-linux-arm-gnueabihf': 4.59.0
      '@rollup/rollup-linux-arm-musleabihf': 4.59.0
      '@rollup/rollup-linux-arm64-gnu': 4.59.0
      '@rollup/rollup-linux-arm64-musl': 4.59.0
      '@rollup/rollup-linux-loong64-gnu': 4.59.0
      '@rollup/rollup-linux-loong64-musl': 4.59.0
      '@rollup/rollup-linux-ppc64-gnu': 4.59.0
      '@rollup/rollup-linux-ppc64-musl': 4.59.0
      '@rollup/rollup-linux-riscv64-gnu': 4.59.0
      '@rollup/rollup-linux-riscv64-musl': 4.59.0
      '@rollup/rollup-linux-s390x-gnu': 4.59.0
      '@rollup/rollup-linux-x64-gnu': 4.59.0
      '@rollup/rollup-linux-x64-musl': 4.59.0
      '@rollup/rollup-openbsd-x64': 4.59.0
      '@rollup/rollup-openharmony-arm64': 4.59.0
      '@rollup/rollup-win32-arm64-msvc': 4.59.0
      '@rollup/rollup-win32-ia32-msvc': 4.59.0
      '@rollup/rollup-win32-x64-gnu': 4.59.0
      '@rollup/rollup-win32-x64-msvc': 4.59.0
      fsevents: 2.3.3

  safe-buffer@5.2.1: {}

  serialize-javascript@6.0.2:
    dependencies:
      randombytes: 2.1.0

  smob@1.6.1: {}

  source-map-support@0.5.21:
    dependencies:
      buffer-from: 1.1.2
      source-map: 0.6.1

  source-map@0.6.1: {}

  supports-preserve-symlinks-flag@1.0.0: {}

  terser@5.46.0:
    dependencies:
      '@jridgewell/source-map': 0.3.11
      acorn: 8.16.0
      commander: 2.20.3
      source-map-support: 0.5.21

  tr46@0.0.3: {}

  typescript@5.9.3: {}

  undici-types@5.26.5: {}

  unplugin-utils@0.2.5:
    dependencies:
      pathe: 2.0.3
      picomatch: 4.0.3

  web-streams-polyfill@4.0.0-beta.3: {}

  webidl-conversions@3.0.1: {}

  whatwg-url@5.0.0:
    dependencies:
      tr46: 0.0.3
      webidl-conversions: 3.0.1

  wrappy@1.0.2: {}
